
Microsoft Visual Studio Solution File, Format Version 12.00
# Visual Studio Version 17
VisualStudioVersion = 17.0.32112.339
MinimumVisualStudioVersion = 10.0.40219.1
Project("{FAE04EC0-301F-11D3-BF4B-00C04F79EFBC}") = "WpfApp3", "WpfApp3\WpfApp3.csproj", "{5AC9D159-0886-43D2-B9AB-28026291059E}"
EndProject
Global
	GlobalSection(SolutionConfigurationPlatforms) = preSolution
		Debug|Any CPU = Debug|Any CPU
		Release|Any CPU = Release|Any CPU
	EndGlobalSection
	GlobalSection(ProjectConfigurationPlatforms) = postSolution
		{5AC9D159-0886-43D2-B9AB-28026291059E}.Debug|Any CPU.ActiveCfg = Debug|Any CPU
		{5AC9D159-0886-43D2-B9AB-28026291059E}.Debug|Any CPU.Build.0 = Debug|Any CPU
		{5AC9D159-0886-43D2-B9AB-28026291059E}.Release|Any CPU.ActiveCfg = Release|Any CPU
		{5AC9D159-0886-43D2-B9AB-28026291059E}.Release|Any CPU.Build.0 = Release|Any CPU
	EndGlobalSection
	GlobalSection(SolutionProperties) = preSolution
		HideSolutionNode = FALSE
	EndGlobalSection
	GlobalSection(ExtensibilityGlobals) = postSolution
		SolutionGuid = {67F9230E-2DD5-458E-B4F2-8D3976581FB9}
	EndGlobalSection
EndGlobal
